// !$*UTF8*$!
{
	archiveVersion = 1;
	classes = {
	};
	objectVersion = 77;
	objects = {

/* Begin PBXBuildFile section */
		0331B93719B03E7CE6C3B0DB /* YouTubePlayerView.swift in Sources */ = {isa = PBXBuildFile; fileRef = 20D3CF237BEE1195969BAF1B /* YouTubePlayerView.swift */; };
		03E07224D7EF89EDB05A64D5 /* YouTubeAPI.swift in Sources */ = {isa = PBXBuildFile; fileRef = 2B8B942D8D4402CAAEFC0ABA /* YouTubeAPI.swift */; };
		29271AD2E2AFFD836A526293 /* GoogleAuth.swift in Sources */ = {isa = PBXBuildFile; fileRef = EDA48A90F216A7AD3D41D6F0 /* GoogleAuth.swift */; };
		30A6FA69D8F071493F051C1A /* SettingsView.swift in Sources */ = {isa = PBXBuildFile; fileRef = DA3AA0D78D9EB4460C0F3709 /* SettingsView.swift */; };
		397CDCBBDC46E08860F0E155 /* ChannelBrowserView.swift in Sources */ = {isa = PBXBuildFile; fileRef = 0529F85E34801B929F287926 /* ChannelBrowserView.swift */; };
		3A76ADAA54E866D97B706563 /* VideoSurfaceView.swift in Sources */ = {isa = PBXBuildFile; fileRef = 0D9A7E2170BBE614DFE3037C /* VideoSurfaceView.swift */; };
		455724B905FD2913B7F872E8 /* XtreamClient.swift in Sources */ = {isa = PBXBuildFile; fileRef = 604987159990A04D2C63D6AE /* XtreamClient.swift */; };
		46ECA4A5F47634D3476EE841 /* DrivingMonitor.swift in Sources */ = {isa = PBXBuildFile; fileRef = DBBEC3DB51AC85509E021573 /* DrivingMonitor.swift */; };
		483272F86059D659E58AD7B6 /* Models.swift in Sources */ = {isa = PBXBuildFile; fileRef = DD4FF93C7747625AB04800FE /* Models.swift */; };
		4AB579A39D07077F8D1CEBDC /* Net.swift in Sources */ = {isa = PBXBuildFile; fileRef = 7F90C51DF0182E7A4CEBF6A8 /* Net.swift */; };
		54C2C3C433D786669AFC5D61 /* RootView.swift in Sources */ = {isa = PBXBuildFile; fileRef = 61B343A6DF8D8E694C2F9A66 /* RootView.swift */; };
		6FB8A51466481406BE198556 /* CarPlayBrowser.swift in Sources */ = {isa = PBXBuildFile; fileRef = BD10482F8EF466F1C1713AFF /* CarPlayBrowser.swift */; };
		7D6C26FC170D8162F412B072 /* PhonePlayerView.swift in Sources */ = {isa = PBXBuildFile; fileRef = 11184180D68028FED0AFB961 /* PhonePlayerView.swift */; };
		986A6C929FBAA4F3F4C01907 /* LibraryStore.swift in Sources */ = {isa = PBXBuildFile; fileRef = 601E3F2A3299413F646E0ADF /* LibraryStore.swift */; };
		A7F0662C655A6A9927CE4F93 /* PlayerController.swift in Sources */ = {isa = PBXBuildFile; fileRef = 3D3C08927A893817D3F67209 /* PlayerController.swift */; };
		AFC7A1F5A6B9C5C153D0CAC6 /* M3UParser.swift in Sources */ = {isa = PBXBuildFile; fileRef = F23B314B2092745DA1DB2900 /* M3UParser.swift */; };
		C818C9DC9A5FBF68DAB12B69 /* CarPlayTVApp.swift in Sources */ = {isa = PBXBuildFile; fileRef = A8E807C6ABB6D1307AB992BF /* CarPlayTVApp.swift */; };
		C937A9713F2568CAAF5630AA /* Assets.xcassets in Resources */ = {isa = PBXBuildFile; fileRef = 6649990CF76A3FB58A5519AD /* Assets.xcassets */; };
		D6C56BDA361E0459C0CD3DEF /* ImageCache.swift in Sources */ = {isa = PBXBuildFile; fileRef = FEAA6EA190414398362277F5 /* ImageCache.swift */; };
		E51E97AF16741D554F374C80 /* YouTubeViews.swift in Sources */ = {isa = PBXBuildFile; fileRef = 310AE09EB77574FADBFAEDBF /* YouTubeViews.swift */; };
		FE4D8FE5E1366F38D7AC6C10 /* CarPlaySceneDelegate.swift in Sources */ = {isa = PBXBuildFile; fileRef = 9AC746E6FE6CE4EAE377DEA1 /* CarPlaySceneDelegate.swift */; };
		FEA78472B1C4C5C51051DC15 /* Keychain.swift in Sources */ = {isa = PBXBuildFile; fileRef = AAF0F557E3D4288948E03DC0 /* Keychain.swift */; };
/* End PBXBuildFile section */

/* Begin PBXFileReference section */
		0529F85E34801B929F287926 /* ChannelBrowserView.swift */ = {isa = PBXFileReference; lastKnownFileType = sourcecode.swift; path = ChannelBrowserView.swift; sourceTree = "<group>"; };
		0D9A7E2170BBE614DFE3037C /* VideoSurfaceView.swift */ = {isa = PBXFileReference; lastKnownFileType = sourcecode.swift; path = VideoSurfaceView.swift; sourceTree = "<group>"; };
		11184180D68028FED0AFB961 /* PhonePlayerView.swift */ = {isa = PBXFileReference; lastKnownFileType = sourcecode.swift; path = PhonePlayerView.swift; sourceTree = "<group>"; };
		20D3CF237BEE1195969BAF1B /* YouTubePlayerView.swift */ = {isa = PBXFileReference; lastKnownFileType = sourcecode.swift; path = YouTubePlayerView.swift; sourceTree = "<group>"; };
		2309078DB2AD2DA268A08F75 /* CarPlayTV.entitlements */ = {isa = PBXFileReference; lastKnownFileType = text.plist.entitlements; path = CarPlayTV.entitlements; sourceTree = "<group>"; };
		2B8B942D8D4402CAAEFC0ABA /* YouTubeAPI.swift */ = {isa = PBXFileReference; lastKnownFileType = sourcecode.swift; path = YouTubeAPI.swift; sourceTree = "<group>"; };
		30315DDDDAC855769249CBA0 /* Info.plist */ = {isa = PBXFileReference; lastKnownFileType = text.plist; path = Info.plist; sourceTree = "<group>"; };
		310AE09EB77574FADBFAEDBF /* YouTubeViews.swift */ = {isa = PBXFileReference; lastKnownFileType = sourcecode.swift; path = YouTubeViews.swift; sourceTree = "<group>"; };
		3D3C08927A893817D3F67209 /* PlayerController.swift */ = {isa = PBXFileReference; lastKnownFileType = sourcecode.swift; path = PlayerController.swift; sourceTree = "<group>"; };
		601E3F2A3299413F646E0ADF /* LibraryStore.swift */ = {isa = PBXFileReference; lastKnownFileType = sourcecode.swift; path = LibraryStore.swift; sourceTree = "<group>"; };
		604987159990A04D2C63D6AE /* XtreamClient.swift */ = {isa = PBXFileReference; lastKnownFileType = sourcecode.swift; path = XtreamClient.swift; sourceTree = "<group>"; };
		61B343A6DF8D8E694C2F9A66 /* RootView.swift */ = {isa = PBXFileReference; lastKnownFileType = sourcecode.swift; path = RootView.swift; sourceTree = "<group>"; };
		6649990CF76A3FB58A5519AD /* Assets.xcassets */ = {isa = PBXFileReference; lastKnownFileType = folder.assetcatalog; path = Assets.xcassets; sourceTree = "<group>"; };
		7F90C51DF0182E7A4CEBF6A8 /* Net.swift */ = {isa = PBXFileReference; lastKnownFileType = sourcecode.swift; path = Net.swift; sourceTree = "<group>"; };
		9AC746E6FE6CE4EAE377DEA1 /* CarPlaySceneDelegate.swift */ = {isa = PBXFileReference; lastKnownFileType = sourcecode.swift; path = CarPlaySceneDelegate.swift; sourceTree = "<group>"; };
		A8E807C6ABB6D1307AB992BF /* CarPlayTVApp.swift */ = {isa = PBXFileReference; lastKnownFileType = sourcecode.swift; path = CarPlayTVApp.swift; sourceTree = "<group>"; };
		AAF0F557E3D4288948E03DC0 /* Keychain.swift */ = {isa = PBXFileReference; lastKnownFileType = sourcecode.swift; path = Keychain.swift; sourceTree = "<group>"; };
		BB2AE86EA25F34DC4A846338 /* CarPlayTV.app */ = {isa = PBXFileReference; includeInIndex = 0; lastKnownFileType = wrapper.application; path = CarPlayTV.app; sourceTree = BUILT_PRODUCTS_DIR; };
		BD10482F8EF466F1C1713AFF /* CarPlayBrowser.swift */ = {isa = PBXFileReference; lastKnownFileType = sourcecode.swift; path = CarPlayBrowser.swift; sourceTree = "<group>"; };
		DA3AA0D78D9EB4460C0F3709 /* SettingsView.swift */ = {isa = PBXFileReference; lastKnownFileType = sourcecode.swift; path = SettingsView.swift; sourceTree = "<group>"; };
		DBBEC3DB51AC85509E021573 /* DrivingMonitor.swift */ = {isa = PBXFileReference; lastKnownFileType = sourcecode.swift; path = DrivingMonitor.swift; sourceTree = "<group>"; };
		DD4FF93C7747625AB04800FE /* Models.swift */ = {isa = PBXFileReference; lastKnownFileType = sourcecode.swift; path = Models.swift; sourceTree = "<group>"; };
		EDA48A90F216A7AD3D41D6F0 /* GoogleAuth.swift */ = {isa = PBXFileReference; lastKnownFileType = sourcecode.swift; path = GoogleAuth.swift; sourceTree = "<group>"; };
		F23B314B2092745DA1DB2900 /* M3UParser.swift */ = {isa = PBXFileReference; lastKnownFileType = sourcecode.swift; path = M3UParser.swift; sourceTree = "<group>"; };
		FEAA6EA190414398362277F5 /* ImageCache.swift */ = {isa = PBXFileReference; lastKnownFileType = sourcecode.swift; path = ImageCache.swift; sourceTree = "<group>"; };
/* End PBXFileReference section */

/* Begin PBXGroup section */
		0CABE527969E536BE7D5FA6A /* CarPlay */ = {
			isa = PBXGroup;
			children = (
				BD10482F8EF466F1C1713AFF /* CarPlayBrowser.swift */,
				9AC746E6FE6CE4EAE377DEA1 /* CarPlaySceneDelegate.swift */,
				FEAA6EA190414398362277F5 /* ImageCache.swift */,
			);
			path = CarPlay;
			sourceTree = "<group>";
		};
		1788BFAFE61F34EB95D2D2A3 /* Views */ = {
			isa = PBXGroup;
			children = (
				0529F85E34801B929F287926 /* ChannelBrowserView.swift */,
				11184180D68028FED0AFB961 /* PhonePlayerView.swift */,
				61B343A6DF8D8E694C2F9A66 /* RootView.swift */,
				DA3AA0D78D9EB4460C0F3709 /* SettingsView.swift */,
				310AE09EB77574FADBFAEDBF /* YouTubeViews.swift */,
			);
			path = Views;
			sourceTree = "<group>";
		};
		1AAF5BE9B31A9F157960B939 /* App */ = {
			isa = PBXGroup;
			children = (
				A8E807C6ABB6D1307AB992BF /* CarPlayTVApp.swift */,
			);
			path = App;
			sourceTree = "<group>";
		};
		243430B27BDEA3095C932CC3 /* Playback */ = {
			isa = PBXGroup;
			children = (
				DBBEC3DB51AC85509E021573 /* DrivingMonitor.swift */,
				3D3C08927A893817D3F67209 /* PlayerController.swift */,
				0D9A7E2170BBE614DFE3037C /* VideoSurfaceView.swift */,
			);
			path = Playback;
			sourceTree = "<group>";
		};
		380214F05A65DDA9D7C6D2FF /* CarPlayTV */ = {
			isa = PBXGroup;
			children = (
				6649990CF76A3FB58A5519AD /* Assets.xcassets */,
				2309078DB2AD2DA268A08F75 /* CarPlayTV.entitlements */,
				30315DDDDAC855769249CBA0 /* Info.plist */,
				1AAF5BE9B31A9F157960B939 /* App */,
				0CABE527969E536BE7D5FA6A /* CarPlay */,
				8B662F3F3B974B4BAF5EFA69 /* Library */,
				243430B27BDEA3095C932CC3 /* Playback */,
				1788BFAFE61F34EB95D2D2A3 /* Views */,
				EEEF00E62DBCAC9B06141509 /* YouTube */,
			);
			path = CarPlayTV;
			sourceTree = "<group>";
		};
		56B80087D9E433C061684315 /* Products */ = {
			isa = PBXGroup;
			children = (
				BB2AE86EA25F34DC4A846338 /* CarPlayTV.app */,
			);
			name = Products;
			sourceTree = "<group>";
		};
		8B662F3F3B974B4BAF5EFA69 /* Library */ = {
			isa = PBXGroup;
			children = (
				AAF0F557E3D4288948E03DC0 /* Keychain.swift */,
				601E3F2A3299413F646E0ADF /* LibraryStore.swift */,
				F23B314B2092745DA1DB2900 /* M3UParser.swift */,
				DD4FF93C7747625AB04800FE /* Models.swift */,
				7F90C51DF0182E7A4CEBF6A8 /* Net.swift */,
				604987159990A04D2C63D6AE /* XtreamClient.swift */,
			);
			path = Library;
			sourceTree = "<group>";
		};
		D5E544656678367B5DCEFEFD = {
			isa = PBXGroup;
			children = (
				380214F05A65DDA9D7C6D2FF /* CarPlayTV */,
				56B80087D9E433C061684315 /* Products */,
			);
			sourceTree = "<group>";
		};
		EEEF00E62DBCAC9B06141509 /* YouTube */ = {
			isa = PBXGroup;
			children = (
				EDA48A90F216A7AD3D41D6F0 /* GoogleAuth.swift */,
				2B8B942D8D4402CAAEFC0ABA /* YouTubeAPI.swift */,
				20D3CF237BEE1195969BAF1B /* YouTubePlayerView.swift */,
			);
			path = YouTube;
			sourceTree = "<group>";
		};
/* End PBXGroup section */

/* Begin PBXNativeTarget section */
		CEF289C68DF3BBA7B710B383 /* CarPlayTV */ = {
			isa = PBXNativeTarget;
			buildConfigurationList = 6D2DD264B32F1F27F4AACAFE /* Build configuration list for PBXNativeTarget "CarPlayTV" */;
			buildPhases = (
				95DB5440CDD5C0C81E598E84 /* Sources */,
				E75CD94A3451BDA556BB14C5 /* Resources */,
			);
			buildRules = (
			);
			dependencies = (
			);
			name = CarPlayTV;
			packageProductDependencies = (
			);
			productName = CarPlayTV;
			productReference = BB2AE86EA25F34DC4A846338 /* CarPlayTV.app */;
			productType = "com.apple.product-type.application";
		};
/* End PBXNativeTarget section */

/* Begin PBXProject section */
		8E3512EFC42E37DB5734032D /* Project object */ = {
			isa = PBXProject;
			attributes = {
				BuildIndependentTargetsInParallel = YES;
				LastUpgradeCheck = 1430;
				TargetAttributes = {
					CEF289C68DF3BBA7B710B383 = {
						DevelopmentTeam = 6BA6YTBG7Z;
						ProvisioningStyle = Automatic;
					};
				};
			};
			buildConfigurationList = 07FDDFC14616448A322192C6 /* Build configuration list for PBXProject "CarPlayTV" */;
			developmentRegion = en;
			hasScannedForEncodings = 0;
			knownRegions = (
				Base,
				en,
			);
			mainGroup = D5E544656678367B5DCEFEFD;
			minimizedProjectReferenceProxies = 1;
			preferredProjectObjectVersion = 77;
			productRefGroup = 56B80087D9E433C061684315 /* Products */;
			projectDirPath = "";
			projectRoot = "";
			targets = (
				CEF289C68DF3BBA7B710B383 /* CarPlayTV */,
			);
		};
/* End PBXProject section */

/* Begin PBXResourcesBuildPhase section */
		E75CD94A3451BDA556BB14C5 /* Resources */ = {
			isa = PBXResourcesBuildPhase;
			buildActionMask = 2147483647;
			files = (
				C937A9713F2568CAAF5630AA /* Assets.xcassets in Resources */,
			);
			runOnlyForDeploymentPostprocessing = 0;
		};
/* End PBXResourcesBuildPhase section */

/* Begin PBXSourcesBuildPhase section */
		95DB5440CDD5C0C81E598E84 /* Sources */ = {
			isa = PBXSourcesBuildPhase;
			buildActionMask = 2147483647;
			files = (
				6FB8A51466481406BE198556 /* CarPlayBrowser.swift in Sources */,
				FE4D8FE5E1366F38D7AC6C10 /* CarPlaySceneDelegate.swift in Sources */,
				C818C9DC9A5FBF68DAB12B69 /* CarPlayTVApp.swift in Sources */,
				397CDCBBDC46E08860F0E155 /* ChannelBrowserView.swift in Sources */,
				46ECA4A5F47634D3476EE841 /* DrivingMonitor.swift in Sources */,
				29271AD2E2AFFD836A526293 /* GoogleAuth.swift in Sources */,
				D6C56BDA361E0459C0CD3DEF /* ImageCache.swift in Sources */,
				FEA78472B1C4C5C51051DC15 /* Keychain.swift in Sources */,
				986A6C929FBAA4F3F4C01907 /* LibraryStore.swift in Sources */,
				AFC7A1F5A6B9C5C153D0CAC6 /* M3UParser.swift in Sources */,
				483272F86059D659E58AD7B6 /* Models.swift in Sources */,
				4AB579A39D07077F8D1CEBDC /* Net.swift in Sources */,
				7D6C26FC170D8162F412B072 /* PhonePlayerView.swift in Sources */,
				A7F0662C655A6A9927CE4F93 /* PlayerController.swift in Sources */,
				54C2C3C433D786669AFC5D61 /* RootView.swift in Sources */,
				30A6FA69D8F071493F051C1A /* SettingsView.swift in Sources */,
				3A76ADAA54E866D97B706563 /* VideoSurfaceView.swift in Sources */,
				455724B905FD2913B7F872E8 /* XtreamClient.swift in Sources */,
				03E07224D7EF89EDB05A64D5 /* YouTubeAPI.swift in Sources */,
				0331B93719B03E7CE6C3B0DB /* YouTubePlayerView.swift in Sources */,
				E51E97AF16741D554F374C80 /* YouTubeViews.swift in Sources */,
			);
			runOnlyForDeploymentPostprocessing = 0;
		};
/* End PBXSourcesBuildPhase section */

/* Begin XCBuildConfiguration section */
		09A2B6296C605A75518FC79B /* Debug */ = {
			isa = XCBuildConfiguration;
			buildSettings = {
				ASSETCATALOG_COMPILER_APPICON_NAME = AppIcon;
				CODE_SIGN_ENTITLEMENTS = CarPlayTV/CarPlayTV.entitlements;
				CODE_SIGN_IDENTITY = "iPhone Developer";
				CODE_SIGN_STYLE = Automatic;
				GOOGLE_CLIENT_ID = "";
				INFOPLIST_FILE = CarPlayTV/Info.plist;
				LD_RUNPATH_SEARCH_PATHS = (
					"$(inherited)",
					"@executable_path/Frameworks",
				);
				PRODUCT_BUNDLE_IDENTIFIER = com.hohnholt.carplaytv;
				SDKROOT = iphoneos;
				TARGETED_DEVICE_FAMILY = 1;
			};
			name = Debug;
		};
		1721A160C9F776905DB25A97 /* Release */ = {
			isa = XCBuildConfiguration;
			buildSettings = {
				ASSETCATALOG_COMPILER_APPICON_NAME = AppIcon;
				CODE_SIGN_ENTITLEMENTS = CarPlayTV/CarPlayTV.entitlements;
				CODE_SIGN_IDENTITY = "iPhone Developer";
				CODE_SIGN_STYLE = Automatic;
				GOOGLE_CLIENT_ID = "";
				INFOPLIST_FILE = CarPlayTV/Info.plist;
				LD_RUNPATH_SEARCH_PATHS = (
					"$(inherited)",
					"@executable_path/Frameworks",
				);
				PRODUCT_BUNDLE_IDENTIFIER = com.hohnholt.carplaytv;
				SDKROOT = iphoneos;
				TARGETED_DEVICE_FAMILY = 1;
			};
			name = Release;
		};
		60424EA66C88130141155482 /* Debug */ = {
			isa = XCBuildConfiguration;
			buildSettings = {
				ALWAYS_SEARCH_USER_PATHS = NO;
				CLANG_ANALYZER_NONNULL = YES;
				CLANG_ANALYZER_NUMBER_OBJECT_CONVERSION = YES_AGGRESSIVE;
				CLANG_CXX_LANGUAGE_STANDARD = "gnu++14";
				CLANG_CXX_LIBRARY = "libc++";
				CLANG_ENABLE_MODULES = YES;
				CLANG_ENABLE_OBJC_ARC = YES;
				CLANG_ENABLE_OBJC_WEAK = YES;
				CLANG_WARN_BLOCK_CAPTURE_AUTORELEASING = YES;
				CLANG_WARN_BOOL_CONVERSION = YES;
				CLANG_WARN_COMMA = YES;
				CLANG_WARN_CONSTANT_CONVERSION = YES;
				CLANG_WARN_DEPRECATED_OBJC_IMPLEMENTATIONS = YES;
				CLANG_WARN_DIRECT_OBJC_ISA_USAGE = YES_ERROR;
				CLANG_WARN_DOCUMENTATION_COMMENTS = YES;
				CLANG_WARN_EMPTY_BODY = YES;
				CLANG_WARN_ENUM_CONVERSION = YES;
				CLANG_WARN_INFINITE_RECURSION = YES;
				CLANG_WARN_INT_CONVERSION = YES;
				CLANG_WARN_NON_LITERAL_NULL_CONVERSION = YES;
				CLANG_WARN_OBJC_IMPLICIT_RETAIN_SELF = YES;
				CLANG_WARN_OBJC_LITERAL_CONVERSION = YES;
				CLANG_WARN_OBJC_ROOT_CLASS = YES_ERROR;
				CLANG_WARN_QUOTED_INCLUDE_IN_FRAMEWORK_HEADER = YES;
				CLANG_WARN_RANGE_LOOP_ANALYSIS = YES;
				CLANG_WARN_STRICT_PROTOTYPES = YES;
				CLANG_WARN_SUSPICIOUS_MOVE = YES;
				CLANG_WARN_UNGUARDED_AVAILABILITY = YES_AGGRESSIVE;
				CLANG_WARN_UNREACHABLE_CODE = YES;
				CLANG_WARN__DUPLICATE_METHOD_MATCH = YES;
				COPY_PHASE_STRIP = NO;
				CURRENT_PROJECT_VERSION = 1;
				DEBUG_INFORMATION_FORMAT = dwarf;
				DEVELOPMENT_TEAM = 6BA6YTBG7Z;
				ENABLE_STRICT_OBJC_MSGSEND = YES;
				ENABLE_TESTABILITY = YES;
				GCC_C_LANGUAGE_STANDARD = gnu11;
				GCC_DYNAMIC_NO_PIC = NO;
				GCC_NO_COMMON_BLOCKS = YES;
				GCC_OPTIMIZATION_LEVEL = 0;
				GCC_PREPROCESSOR_DEFINITIONS = (
					"$(inherited)",
					"DEBUG=1",
				);
				GCC_WARN_64_TO_32_BIT_CONVERSION = YES;
				GCC_WARN_ABOUT_RETURN_TYPE = YES_ERROR;
				GCC_WARN_UNDECLARED_SELECTOR = YES;
				GCC_WARN_UNINITIALIZED_AUTOS = YES_AGGRESSIVE;
				GCC_WARN_UNUSED_FUNCTION = YES;
				GCC_WARN_UNUSED_VARIABLE = YES;
				IPHONEOS_DEPLOYMENT_TARGET = 18.0;
				MARKETING_VERSION = 0.1.0;
				MTL_ENABLE_DEBUG_INFO = INCLUDE_SOURCE;
				MTL_FAST_MATH = YES;
				ONLY_ACTIVE_ARCH = YES;
				PRODUCT_NAME = "$(TARGET_NAME)";
				SDKROOT = iphoneos;
				SWIFT_ACTIVE_COMPILATION_CONDITIONS = DEBUG;
				SWIFT_OPTIMIZATION_LEVEL = "-Onone";
				SWIFT_VERSION = 5.0;
			};
			name = Debug;
		};
		8CB09C039F00C7E04666C92E /* Release */ = {
			isa = XCBuildConfiguration;
			buildSettings = {
				ALWAYS_SEARCH_USER_PATHS = NO;
				CLANG_ANALYZER_NONNULL = YES;
				CLANG_ANALYZER_NUMBER_OBJECT_CONVERSION = YES_AGGRESSIVE;
				CLANG_CXX_LANGUAGE_STANDARD = "gnu++14";
				CLANG_CXX_LIBRARY = "libc++";
				CLANG_ENABLE_MODULES = YES;
				CLANG_ENABLE_OBJC_ARC = YES;
				CLANG_ENABLE_OBJC_WEAK = YES;
				CLANG_WARN_BLOCK_CAPTURE_AUTORELEASING = YES;
				CLANG_WARN_BOOL_CONVERSION = YES;
				CLANG_WARN_COMMA = YES;
				CLANG_WARN_CONSTANT_CONVERSION = YES;
				CLANG_WARN_DEPRECATED_OBJC_IMPLEMENTATIONS = YES;
				CLANG_WARN_DIRECT_OBJC_ISA_USAGE = YES_ERROR;
				CLANG_WARN_DOCUMENTATION_COMMENTS = YES;
				CLANG_WARN_EMPTY_BODY = YES;
				CLANG_WARN_ENUM_CONVERSION = YES;
				CLANG_WARN_INFINITE_RECURSION = YES;
				CLANG_WARN_INT_CONVERSION = YES;
				CLANG_WARN_NON_LITERAL_NULL_CONVERSION = YES;
				CLANG_WARN_OBJC_IMPLICIT_RETAIN_SELF = YES;
				CLANG_WARN_OBJC_LITERAL_CONVERSION = YES;
				CLANG_WARN_OBJC_ROOT_CLASS = YES_ERROR;
				CLANG_WARN_QUOTED_INCLUDE_IN_FRAMEWORK_HEADER = YES;
				CLANG_WARN_RANGE_LOOP_ANALYSIS = YES;
				CLANG_WARN_STRICT_PROTOTYPES = YES;
				CLANG_WARN_SUSPICIOUS_MOVE = YES;
				CLANG_WARN_UNGUARDED_AVAILABILITY = YES_AGGRESSIVE;
				CLANG_WARN_UNREACHABLE_CODE = YES;
				CLANG_WARN__DUPLICATE_METHOD_MATCH = YES;
				COPY_PHASE_STRIP = NO;
				CURRENT_PROJECT_VERSION = 1;
				DEBUG_INFORMATION_FORMAT = "dwarf-with-dsym";
				DEVELOPMENT_TEAM = 6BA6YTBG7Z;
				ENABLE_NS_ASSERTIONS = NO;
				ENABLE_STRICT_OBJC_MSGSEND = YES;
				GCC_C_LANGUAGE_STANDARD = gnu11;
				GCC_NO_COMMON_BLOCKS = YES;
				GCC_WARN_64_TO_32_BIT_CONVERSION = YES;
				GCC_WARN_ABOUT_RETURN_TYPE = YES_ERROR;
				GCC_WARN_UNDECLARED_SELECTOR = YES;
				GCC_WARN_UNINITIALIZED_AUTOS = YES_AGGRESSIVE;
				GCC_WARN_UNUSED_FUNCTION = YES;
				GCC_WARN_UNUSED_VARIABLE = YES;
				IPHONEOS_DEPLOYMENT_TARGET = 18.0;
				MARKETING_VERSION = 0.1.0;
				MTL_ENABLE_DEBUG_INFO = NO;
				MTL_FAST_MATH = YES;
				PRODUCT_NAME = "$(TARGET_NAME)";
				SDKROOT = iphoneos;
				SWIFT_COMPILATION_MODE = wholemodule;
				SWIFT_OPTIMIZATION_LEVEL = "-O";
				SWIFT_VERSION = 5.0;
			};
			name = Release;
		};
/* End XCBuildConfiguration section */

/* Begin XCConfigurationList section */
		07FDDFC14616448A322192C6 /* Build configuration list for PBXProject "CarPlayTV" */ = {
			isa = XCConfigurationList;
			buildConfigurations = (
				60424EA66C88130141155482 /* Debug */,
				8CB09C039F00C7E04666C92E /* Release */,
			);
			defaultConfigurationIsVisible = 0;
			defaultConfigurationName = Debug;
		};
		6D2DD264B32F1F27F4AACAFE /* Build configuration list for PBXNativeTarget "CarPlayTV" */ = {
			isa = XCConfigurationList;
			buildConfigurations = (
				09A2B6296C605A75518FC79B /* Debug */,
				1721A160C9F776905DB25A97 /* Release */,
			);
			defaultConfigurationIsVisible = 0;
			defaultConfigurationName = Debug;
		};
/* End XCConfigurationList section */
	};
	rootObject = 8E3512EFC42E37DB5734032D /* Project object */;
}
